<Solution>
  <Folder Name="/src/">
    <Project Path="src/Areas.BackOffice/Areas.BackOffice.csproj" />
    <Project Path="src/Areas.Domain/Areas.Domain.csproj" />
    <Project Path="src/Areas.Migrator/Areas.Migrator.csproj" />
    <Project Path="src/Areas.Services/Areas.Services.csproj" />
    <Project Path="src/Areas.Tools/Areas.Tools.csproj" />
  </Folder>
</Solution>
